
Microsoft Visual Studio Solution File, Format Version 12.00
# Visual Studio Version 17
VisualStudioVersion = 17.5.2.0
MinimumVisualStudioVersion = 10.0.40219.1
Project("{9A19103F-16F7-4668-BE54-9A1E7A4F7556}") = "MistyStep", "MistyStep\MistyStep.csproj", "{BCA7C368-6999-4C5C-B876-68AADD09365D}"
EndProject
Project("{FAE04EC0-301F-11D3-BF4B-00C04F79EFBC}") = "MistyStep.PlaywrightTests", "MistyStep.PlaywrightTests\MistyStep.PlaywrightTests.csproj", "{385DFA96-64C4-4E79-8856-8E9DEE26BBAF}"
EndProject
Global
	GlobalSection(SolutionConfigurationPlatforms) = preSolution
		Debug|Any CPU = Debug|Any CPU
		Debug|x64 = Debug|x64
		Debug|x86 = Debug|x86
		Release|Any CPU = Release|Any CPU
		Release|x64 = Release|x64
		Release|x86 = Release|x86
	EndGlobalSection
	GlobalSection(ProjectConfigurationPlatforms) = postSolution
		{BCA7C368-6999-4C5C-B876-68AADD09365D}.Debug|Any CPU.ActiveCfg = Debug|Any CPU
		{BCA7C368-6999-4C5C-B876-68AADD09365D}.Debug|Any CPU.Build.0 = Debug|Any CPU
		{BCA7C368-6999-4C5C-B876-68AADD09365D}.Debug|x64.ActiveCfg = Debug|Any CPU
		{BCA7C368-6999-4C5C-B876-68AADD09365D}.Debug|x64.Build.0 = Debug|Any CPU
		{BCA7C368-6999-4C5C-B876-68AADD09365D}.Debug|x86.ActiveCfg = Debug|Any CPU
		{BCA7C368-6999-4C5C-B876-68AADD09365D}.Debug|x86.Build.0 = Debug|Any CPU
		{BCA7C368-6999-4C5C-B876-68AADD09365D}.Release|Any CPU.ActiveCfg = Release|Any CPU
		{BCA7C368-6999-4C5C-B876-68AADD09365D}.Release|Any CPU.Build.0 = Release|Any CPU
		{BCA7C368-6999-4C5C-B876-68AADD09365D}.Release|x64.ActiveCfg = Release|Any CPU
		{BCA7C368-6999-4C5C-B876-68AADD09365D}.Release|x64.Build.0 = Release|Any CPU
		{BCA7C368-6999-4C5C-B876-68AADD09365D}.Release|x86.ActiveCfg = Release|Any CPU
		{BCA7C368-6999-4C5C-B876-68AADD09365D}.Release|x86.Build.0 = Release|Any CPU
		{385DFA96-64C4-4E79-8856-8E9DEE26BBAF}.Debug|Any CPU.ActiveCfg = Debug|Any CPU
		{385DFA96-64C4-4E79-8856-8E9DEE26BBAF}.Debug|Any CPU.Build.0 = Debug|Any CPU
		{385DFA96-64C4-4E79-8856-8E9DEE26BBAF}.Debug|x64.ActiveCfg = Debug|Any CPU
		{385DFA96-64C4-4E79-8856-8E9DEE26BBAF}.Debug|x64.Build.0 = Debug|Any CPU
		{385DFA96-64C4-4E79-8856-8E9DEE26BBAF}.Debug|x86.ActiveCfg = Debug|Any CPU
		{385DFA96-64C4-4E79-8856-8E9DEE26BBAF}.Debug|x86.Build.0 = Debug|Any CPU
		{385DFA96-64C4-4E79-8856-8E9DEE26BBAF}.Release|Any CPU.ActiveCfg = Release|Any CPU
		{385DFA96-64C4-4E79-8856-8E9DEE26BBAF}.Release|Any CPU.Build.0 = Release|Any CPU
		{385DFA96-64C4-4E79-8856-8E9DEE26BBAF}.Release|x64.ActiveCfg = Release|Any CPU
		{385DFA96-64C4-4E79-8856-8E9DEE26BBAF}.Release|x64.Build.0 = Release|Any CPU
		{385DFA96-64C4-4E79-8856-8E9DEE26BBAF}.Release|x86.ActiveCfg = Release|Any CPU
		{385DFA96-64C4-4E79-8856-8E9DEE26BBAF}.Release|x86.Build.0 = Release|Any CPU
	EndGlobalSection
	GlobalSection(SolutionProperties) = preSolution
		HideSolutionNode = FALSE
	EndGlobalSection
	GlobalSection(ExtensibilityGlobals) = postSolution
		SolutionGuid = {A79C2184-D255-4EE1-80FD-BED010F38D97}
	EndGlobalSection
EndGlobal
